Microsoft Visual Studio Solution File, Format Version 12.00
# Visual Studio Version 17
VisualStudioVersion = 17.5.2.0
MinimumVisualStudioVersion = 10.0.40219.1
Project("{FAE04EC0-301F-11D3-BF4B-00C04F79EFBC}") = "suma_promedio", "suma_promedio.csproj", "{AEA01A74-9934-D217-A5DC-9CDCA0F9BC3F}"
EndProject
Global
	GlobalSection(SolutionConfigurationPlatforms) = preSolution
		Debug|Any CPU = Debug|Any CPU
		Release|Any CPU = Release|Any CPU
	EndGlobalSection
	GlobalSection(ProjectConfigurationPlatforms) = postSolution
		{AEA01A74-9934-D217-A5DC-9CDCA0F9BC3F}.Debug|Any CPU.ActiveCfg = Debug|Any CPU
		{AEA01A74-9934-D217-A5DC-9CDCA0F9BC3F}.Debug|Any CPU.Build.0 = Debug|Any CPU
		{AEA01A74-9934-D217-A5DC-9CDCA0F9BC3F}.Release|Any CPU.ActiveCfg = Release|Any CPU
		{AEA01A74-9934-D217-A5DC-9CDCA0F9BC3F}.Release|Any CPU.Build.0 = Release|Any CPU
	EndGlobalSection
	GlobalSection(SolutionProperties) = preSolution
		HideSolutionNode = FALSE
	EndGlobalSection
	GlobalSection(ExtensibilityGlobals) = postSolution
		SolutionGuid = {B4D26BDE-A2AC-42E2-A1F4-19CCB2D53B33}
	EndGlobalSection
EndGlobal
